{
  "name": "@privageapp/thai-national-id-reader",
  "version": "1.0.2",
  "lockfileVersion": 1,
  "requires": true,
  "dependencies": {
    "bindings": {
      "version": "1.4.0",
      "resolved": "https://registry.npmjs.org/bindings/-/bindings-1.4.0.tgz",
      "integrity": "sha512-7znEVX22Djn+nYjxCWKDne0RRloa9XfYa84yk3s+HkE3LpDYZmhArYr9O9huBoHY3/oXispx5LorIX7Sl2CgSQ==",
      "requires": {
        "file-uri-to-path": "1.0.0"
      }
    },
    "datauri": {
      "version": "1.1.0",
      "resolved": "https://registry.npmjs.org/datauri/-/datauri-1.1.0.tgz",
      "integrity": "sha512-0q+cTTKx7q8eDteZRIQLTFJuiIsVing17UbWTPssY4JLSMaYsk/VKpNulBDo9NSgQWcvlPrkEHW8kUO67T/7mQ==",
      "requires": {
        "image-size": "^0.6.2",
        "mimer": "^0.3.2",
        "semver": "^5.5.0"
      }
    },
    "file-uri-to-path": {
      "version": "1.0.0",
      "resolved": "https://registry.npmjs.org/file-uri-to-path/-/file-uri-to-path-1.0.0.tgz",
      "integrity": "sha512-0Zt+s3L7Vf1biwWZ29aARiVYLx7iMGnEUl9x33fbB/j3jR81u/O2LbqK+Bm1CDSNDKVtJ/YjwY7TUd5SkeLQLw=="
    },
    "image-size": {
      "version": "0.6.3",
      "resolved": "https://registry.npmjs.org/image-size/-/image-size-0.6.3.tgz",
      "integrity": "sha512-47xSUiQioGaB96nqtp5/q55m0aBQSQdyIloMOc/x+QVTDZLNmXE892IIDrJ0hM1A5vcNUDD5tDffkSP5lCaIIA=="
    },
    "mimer": {
      "version": "0.3.2",
      "resolved": "https://registry.npmjs.org/mimer/-/mimer-0.3.2.tgz",
      "integrity": "sha512-N6NcgDQAevhP/02DQ/epK6daLy4NKrIHyTlJcO6qBiYn98q+Y4a/knNsAATCe1xLS2F0nEmJp+QYli2s8vKwyQ=="
    },
    "pcsclite": {
      "version": "1.0.0",
      "resolved": "https://registry.npmjs.org/pcsclite/-/pcsclite-1.0.0.tgz",
      "integrity": "sha512-hmn4qYxdqhI7ysutE9sPaHwOnMunNK3LxByv4HnuME95KOfCuAywyBjV0gSVkU8ZUxMV0Ug2Fs1nLdv2V9xThA==",
      "requires": {
        "bindings": "^1.1.0",
        "nan": "^2.14.0"
      },
      "dependencies": {
        "nan": {
          "version": "2.14.0",
          "resolved": "https://registry.npmjs.org/nan/-/nan-2.14.0.tgz",
          "integrity": "sha512-INOFj37C7k3AfaNTtX8RhsTw7qRy7eLET14cROi9+5HAVbbHuIWUHEauBv5qT4Av2tWasiTY1Jw6puUNqRJXQg=="
        }
      }
    },
    "semver": {
      "version": "5.7.1",
      "resolved": "https://registry.npmjs.org/semver/-/semver-5.7.1.tgz",
      "integrity": "sha512-sauaDf/PZdVgrLTNYHRtpXa1iRiKcaebiKQ1BJdpQlWH2lCvexQdX55snPFyK7QzpudqbCI0qXFfOasHdyNDGQ=="
    }
  }
}
