{
  "name": "@privageapp/thai-national-id-reader",
  "version": "1.0.4",
  "lockfileVersion": 1,
  "requires": true,
  "dependencies": {
    "bindings": {
      "version": "1.4.0",
      "resolved": "https://registry.npmjs.org/bindings/-/bindings-1.4.0.tgz",
      "integrity": "sha512-7znEVX22Djn+nYjxCWKDne0RRloa9XfYa84yk3s+HkE3LpDYZmhArYr9O9huBoHY3/oXispx5LorIX7Sl2CgSQ==",
      "requires": {
        "file-uri-to-path": "1.0.0"
      }
    },
    "datauri": {
      "version": "4.1.0",
      "resolved": "https://registry.npmjs.org/datauri/-/datauri-4.1.0.tgz",
      "integrity": "sha512-y17kh32+I82G+ED9MNWFkZiP/Cq/vO1hN9+tSZsT9C9qn3NrvcBnh7crSepg0AQPge1hXx2Ca44s1FRdv0gFWA==",
      "requires": {
        "image-size": "1.0.0",
        "mimer": "^2.0.2"
      }
    },
    "file-uri-to-path": {
      "version": "1.0.0",
      "resolved": "https://registry.npmjs.org/file-uri-to-path/-/file-uri-to-path-1.0.0.tgz",
      "integrity": "sha512-0Zt+s3L7Vf1biwWZ29aARiVYLx7iMGnEUl9x33fbB/j3jR81u/O2LbqK+Bm1CDSNDKVtJ/YjwY7TUd5SkeLQLw=="
    },
    "image-size": {
      "version": "1.0.0",
      "resolved": "https://registry.npmjs.org/image-size/-/image-size-1.0.0.tgz",
      "integrity": "sha512-JLJ6OwBfO1KcA+TvJT+v8gbE6iWbj24LyDNFgFEN0lzegn6cC6a/p3NIDaepMsJjQjlUWqIC7wJv8lBFxPNjcw==",
      "requires": {
        "queue": "6.0.2"
      }
    },
    "inherits": {
      "version": "2.0.4",
      "resolved": "https://registry.npmjs.org/inherits/-/inherits-2.0.4.tgz",
      "integrity": "sha512-k/vGaX4/Yla3WzyMCvTQOXYeIHvqOKtnqBduzTHpzpQZzAskKMhZ2K+EnBiSM9zGSoIFeMpXKxa4dYeZIQqewQ=="
    },
    "mimer": {
      "version": "2.0.2",
      "resolved": "https://registry.npmjs.org/mimer/-/mimer-2.0.2.tgz",
      "integrity": "sha512-izxvjsB7Ur5HrTbPu6VKTrzxSMBFBqyZQc6dWlZNQ4/wAvf886fD4lrjtFd8IQ8/WmZKdxKjUtqFFNaj3hQ52g=="
    },
    "pcsclite": {
      "version": "1.0.0",
      "resolved": "https://registry.npmjs.org/pcsclite/-/pcsclite-1.0.0.tgz",
      "integrity": "sha512-hmn4qYxdqhI7ysutE9sPaHwOnMunNK3LxByv4HnuME95KOfCuAywyBjV0gSVkU8ZUxMV0Ug2Fs1nLdv2V9xThA==",
      "requires": {
        "bindings": "^1.1.0",
        "nan": "^2.14.0"
      },
      "dependencies": {
        "nan": {
          "version": "2.14.0",
          "resolved": "https://registry.npmjs.org/nan/-/nan-2.14.0.tgz",
          "integrity": "sha512-INOFj37C7k3AfaNTtX8RhsTw7qRy7eLET14cROi9+5HAVbbHuIWUHEauBv5qT4Av2tWasiTY1Jw6puUNqRJXQg=="
        }
      }
    },
    "queue": {
      "version": "6.0.2",
      "resolved": "https://registry.npmjs.org/queue/-/queue-6.0.2.tgz",
      "integrity": "sha512-iHZWu+q3IdFZFX36ro/lKBkSvfkztY5Y7HMiPlOUjhupPcG2JMfst2KKEpu5XndviX/3UhFbRngUPNKtgvtZiA==",
      "requires": {
        "inherits": "~2.0.3"
      }
    }
  }
}
