# THIS IS AN AUTOGENERATED FILE. DO NOT EDIT THIS FILE DIRECTLY.
# yarn lockfile v1


bindings@^1.1.0:
  version "1.4.0"
  resolved "https://registry.yarnpkg.com/bindings/-/bindings-1.4.0.tgz#909efa49f2ebe07ecd3cb136778f665052040127"
  dependencies:
    file-uri-to-path "1.0.0"

datauri@^4.1.0:
  version "4.1.0"
  resolved "https://registry.yarnpkg.com/datauri/-/datauri-4.1.0.tgz#19e6e4fadc38ff8cea724d8ff59dcaad832520e4"
  integrity sha512-y17kh32+I82G+ED9MNWFkZiP/Cq/vO1hN9+tSZsT9C9qn3NrvcBnh7crSepg0AQPge1hXx2Ca44s1FRdv0gFWA==
  dependencies:
    image-size "1.0.0"
    mimer "^2.0.2"

file-uri-to-path@1.0.0:
  version "1.0.0"
  resolved "https://registry.yarnpkg.com/file-uri-to-path/-/file-uri-to-path-1.0.0.tgz#553a7b8446ff6f684359c445f1e37a05dacc33dd"

image-size@1.0.0:
  version "1.0.0"
  resolved "https://registry.yarnpkg.com/image-size/-/image-size-1.0.0.tgz#58b31fe4743b1cec0a0ac26f5c914d3c5b2f0750"
  integrity sha512-JLJ6OwBfO1KcA+TvJT+v8gbE6iWbj24LyDNFgFEN0lzegn6cC6a/p3NIDaepMsJjQjlUWqIC7wJv8lBFxPNjcw==
  dependencies:
    queue "6.0.2"

inherits@~2.0.3:
  version "2.0.4"
  resolved "https://registry.yarnpkg.com/inherits/-/inherits-2.0.4.tgz#0fa2c64f932917c3433a0ded55363aae37416b7c"
  integrity sha512-k/vGaX4/Yla3WzyMCvTQOXYeIHvqOKtnqBduzTHpzpQZzAskKMhZ2K+EnBiSM9zGSoIFeMpXKxa4dYeZIQqewQ==

mimer@^2.0.2:
  version "2.0.2"
  resolved "https://registry.yarnpkg.com/mimer/-/mimer-2.0.2.tgz#941da26070e80bb485aed8a1ef4a5a325cbbfa96"
  integrity sha512-izxvjsB7Ur5HrTbPu6VKTrzxSMBFBqyZQc6dWlZNQ4/wAvf886fD4lrjtFd8IQ8/WmZKdxKjUtqFFNaj3hQ52g==

nan@^2.14.0:
  version "2.14.0"
  resolved "https://registry.yarnpkg.com/nan/-/nan-2.14.0.tgz#7818f722027b2459a86f0295d434d1fc2336c52c"
  integrity sha512-INOFj37C7k3AfaNTtX8RhsTw7qRy7eLET14cROi9+5HAVbbHuIWUHEauBv5qT4Av2tWasiTY1Jw6puUNqRJXQg==

pcsclite@^1.0.0:
  version "1.0.0"
  resolved "https://registry.yarnpkg.com/pcsclite/-/pcsclite-1.0.0.tgz#52c0b494ce33cc0488150684107c2017144039fc"
  integrity sha512-hmn4qYxdqhI7ysutE9sPaHwOnMunNK3LxByv4HnuME95KOfCuAywyBjV0gSVkU8ZUxMV0Ug2Fs1nLdv2V9xThA==
  dependencies:
    bindings "^1.1.0"
    nan "^2.14.0"

queue@6.0.2:
  version "6.0.2"
  resolved "https://registry.yarnpkg.com/queue/-/queue-6.0.2.tgz#b91525283e2315c7553d2efa18d83e76432fed65"
  integrity sha512-iHZWu+q3IdFZFX36ro/lKBkSvfkztY5Y7HMiPlOUjhupPcG2JMfst2KKEpu5XndviX/3UhFbRngUPNKtgvtZiA==
  dependencies:
    inherits "~2.0.3"
