# THIS IS AN AUTOGENERATED FILE. DO NOT EDIT THIS FILE DIRECTLY.
# yarn lockfile v1


bindings@^1.1.0:
  version "1.4.0"
  resolved "https://registry.yarnpkg.com/bindings/-/bindings-1.4.0.tgz#909efa49f2ebe07ecd3cb136778f665052040127"
  dependencies:
    file-uri-to-path "1.0.0"

buffertools@^2.1.2:
  version "2.1.6"
  resolved "https://registry.yarnpkg.com/buffertools/-/buffertools-2.1.6.tgz#30c19b085636b88df692aeefeea0ff156780e916"

datauri@^1.1.0:
  version "1.1.0"
  resolved "https://registry.yarnpkg.com/datauri/-/datauri-1.1.0.tgz#c6184ff6b928ede4e41ccc23ab954c7839c4fb39"
  dependencies:
    image-size "^0.6.2"
    mimer "^0.3.2"
    semver "^5.5.0"

file-uri-to-path@1.0.0:
  version "1.0.0"
  resolved "https://registry.yarnpkg.com/file-uri-to-path/-/file-uri-to-path-1.0.0.tgz#553a7b8446ff6f684359c445f1e37a05dacc33dd"

image-size@^0.6.2:
  version "0.6.3"
  resolved "https://registry.yarnpkg.com/image-size/-/image-size-0.6.3.tgz#e7e5c65bb534bd7cdcedd6cb5166272a85f75fb2"

mimer@^0.3.2:
  version "0.3.2"
  resolved "https://registry.yarnpkg.com/mimer/-/mimer-0.3.2.tgz#0b83aabdf48eaacfd2e093ed4c0ed3d38eda8073"

nan@^2.2.1:
  version "2.12.1"
  resolved "https://registry.yarnpkg.com/nan/-/nan-2.12.1.tgz#7b1aa193e9aa86057e3c7bbd0ac448e770925552"

pcsclite@^0.5.0:
  version "0.5.0"
  resolved "https://registry.yarnpkg.com/pcsclite/-/pcsclite-0.5.0.tgz#3bff94b8a84031735d0bf2cdb50b6f17c5a83e24"
  dependencies:
    bindings "^1.1.0"
    buffertools "^2.1.2"
    nan "^2.2.1"

semver@^5.5.0:
  version "5.6.0"
  resolved "https://registry.yarnpkg.com/semver/-/semver-5.6.0.tgz#7e74256fbaa49c75aa7c7a205cc22799cac80004"
